
Microsoft Visual Studio Solution File, Format Version 12.00
# Visual Studio Version 16
VisualStudioVersion = 16.0.32106.194
MinimumVisualStudioVersion = 10.0.40219.1
Project("{FAE04EC0-301F-11D3-BF4B-00C04F79EFBC}") = "WPFCourse01", "WPFCourse01\WPFCourse01.csproj", "{77C97CC2-17F4-4EF1-8319-9E9121304B08}"
EndProject
Project("{FAE04EC0-301F-11D3-BF4B-00C04F79EFBC}") = "WPFDemo.Models", "WPFDemo.Models\WPFDemo.Models.csproj", "{8BF8F8F7-D1C0-47E4-B797-29B97FACA143}"
EndProject
Project("{FAE04EC0-301F-11D3-BF4B-00C04F79EFBC}") = "WindowsFormsApp1", "WindowsFormsApp1\WindowsFormsApp1.csproj", "{0F4BE939-AB50-4095-8748-D42E487AA460}"
EndProject
Global
	GlobalSection(SolutionConfigurationPlatforms) = preSolution
		Debug|Any CPU = Debug|Any CPU
		Release|Any CPU = Release|Any CPU
	EndGlobalSection
	GlobalSection(ProjectConfigurationPlatforms) = postSolution
		{77C97CC2-17F4-4EF1-8319-9E9121304B08}.Debug|Any CPU.ActiveCfg = Debug|Any CPU
		{77C97CC2-17F4-4EF1-8319-9E9121304B08}.Debug|Any CPU.Build.0 = Debug|Any CPU
		{77C97CC2-17F4-4EF1-8319-9E9121304B08}.Release|Any CPU.ActiveCfg = Release|Any CPU
		{77C97CC2-17F4-4EF1-8319-9E9121304B08}.Release|Any CPU.Build.0 = Release|Any CPU
		{8BF8F8F7-D1C0-47E4-B797-29B97FACA143}.Debug|Any CPU.ActiveCfg = Debug|Any CPU
		{8BF8F8F7-D1C0-47E4-B797-29B97FACA143}.Debug|Any CPU.Build.0 = Debug|Any CPU
		{8BF8F8F7-D1C0-47E4-B797-29B97FACA143}.Release|Any CPU.ActiveCfg = Release|Any CPU
		{8BF8F8F7-D1C0-47E4-B797-29B97FACA143}.Release|Any CPU.Build.0 = Release|Any CPU
		{0F4BE939-AB50-4095-8748-D42E487AA460}.Debug|Any CPU.ActiveCfg = Debug|Any CPU
		{0F4BE939-AB50-4095-8748-D42E487AA460}.Debug|Any CPU.Build.0 = Debug|Any CPU
		{0F4BE939-AB50-4095-8748-D42E487AA460}.Release|Any CPU.ActiveCfg = Release|Any CPU
		{0F4BE939-AB50-4095-8748-D42E487AA460}.Release|Any CPU.Build.0 = Release|Any CPU
	EndGlobalSection
	GlobalSection(SolutionProperties) = preSolution
		HideSolutionNode = FALSE
	EndGlobalSection
	GlobalSection(ExtensibilityGlobals) = postSolution
		SolutionGuid = {B47E5922-9497-4A79-B8B1-7C49A9B484C0}
	EndGlobalSection
EndGlobal
