
Microsoft Visual Studio Solution File, Format Version 12.00
# Visual Studio Version 16
VisualStudioVersion = 16.0.32106.194
MinimumVisualStudioVersion = 10.0.40219.1
Project("{FAE04EC0-301F-11D3-BF4B-00C04F79EFBC}") = "WPFCourse02", "WPFCourse02\WPFCourse02.csproj", "{079A17A9-3243-4A05-9C48-F547E05E831D}"
EndProject
Global
	GlobalSection(SolutionConfigurationPlatforms) = preSolution
		Debug|Any CPU = Debug|Any CPU
		Release|Any CPU = Release|Any CPU
	EndGlobalSection
	GlobalSection(ProjectConfigurationPlatforms) = postSolution
		{079A17A9-3243-4A05-9C48-F547E05E831D}.Debug|Any CPU.ActiveCfg = Debug|Any CPU
		{079A17A9-3243-4A05-9C48-F547E05E831D}.Debug|Any CPU.Build.0 = Debug|Any CPU
		{079A17A9-3243-4A05-9C48-F547E05E831D}.Release|Any CPU.ActiveCfg = Release|Any CPU
		{079A17A9-3243-4A05-9C48-F547E05E831D}.Release|Any CPU.Build.0 = Release|Any CPU
	EndGlobalSection
	GlobalSection(SolutionProperties) = preSolution
		HideSolutionNode = FALSE
	EndGlobalSection
	GlobalSection(ExtensibilityGlobals) = postSolution
		SolutionGuid = {1E9A1FAA-4BAD-40F7-AFA7-6599FE4FC7A6}
	EndGlobalSection
EndGlobal
