
Microsoft Visual Studio Solution File, Format Version 12.00
# Visual Studio Version 16
VisualStudioVersion = 16.0.31605.320
MinimumVisualStudioVersion = 10.0.40219.1
Project("{FAE04EC0-301F-11D3-BF4B-00C04F79EFBC}") = "Course08ReflectionAndDelegate", "Course08ReflectionAndDelegate\Course08ReflectionAndDelegate.csproj", "{29BE2766-62A7-4878-9646-0CD345868DAE}"
EndProject
Project("{FAE04EC0-301F-11D3-BF4B-00C04F79EFBC}") = "Models", "Models\Models.csproj", "{56DC48E7-F10E-430C-98EF-CD9B650E0328}"
EndProject
Global
	GlobalSection(SolutionConfigurationPlatforms) = preSolution
		Debug|Any CPU = Debug|Any CPU
		Release|Any CPU = Release|Any CPU
	EndGlobalSection
	GlobalSection(ProjectConfigurationPlatforms) = postSolution
		{29BE2766-62A7-4878-9646-0CD345868DAE}.Debug|Any CPU.ActiveCfg = Debug|Any CPU
		{29BE2766-62A7-4878-9646-0CD345868DAE}.Debug|Any CPU.Build.0 = Debug|Any CPU
		{29BE2766-62A7-4878-9646-0CD345868DAE}.Release|Any CPU.ActiveCfg = Release|Any CPU
		{29BE2766-62A7-4878-9646-0CD345868DAE}.Release|Any CPU.Build.0 = Release|Any CPU
		{56DC48E7-F10E-430C-98EF-CD9B650E0328}.Debug|Any CPU.ActiveCfg = Debug|Any CPU
		{56DC48E7-F10E-430C-98EF-CD9B650E0328}.Debug|Any CPU.Build.0 = Debug|Any CPU
		{56DC48E7-F10E-430C-98EF-CD9B650E0328}.Release|Any CPU.ActiveCfg = Release|Any CPU
		{56DC48E7-F10E-430C-98EF-CD9B650E0328}.Release|Any CPU.Build.0 = Release|Any CPU
	EndGlobalSection
	GlobalSection(SolutionProperties) = preSolution
		HideSolutionNode = FALSE
	EndGlobalSection
	GlobalSection(ExtensibilityGlobals) = postSolution
		SolutionGuid = {51956B30-DD78-4BE6-B39F-B5632F88E85F}
	EndGlobalSection
EndGlobal
