
Microsoft Visual Studio Solution File, Format Version 12.00
# Visual Studio Version 16
VisualStudioVersion = 16.0.31605.320
MinimumVisualStudioVersion = 10.0.40219.1
Project("{FAE04EC0-301F-11D3-BF4B-00C04F79EFBC}") = "WInformCourse04", "WInformCourse04\WInformCourse04.csproj", "{4F988751-5B0B-4717-B62D-84BEE626CA50}"
EndProject
Global
	GlobalSection(SolutionConfigurationPlatforms) = preSolution
		Debug|Any CPU = Debug|Any CPU
		Release|Any CPU = Release|Any CPU
	EndGlobalSection
	GlobalSection(ProjectConfigurationPlatforms) = postSolution
		{4F988751-5B0B-4717-B62D-84BEE626CA50}.Debug|Any CPU.ActiveCfg = Debug|Any CPU
		{4F988751-5B0B-4717-B62D-84BEE626CA50}.Debug|Any CPU.Build.0 = Debug|Any CPU
		{4F988751-5B0B-4717-B62D-84BEE626CA50}.Release|Any CPU.ActiveCfg = Release|Any CPU
		{4F988751-5B0B-4717-B62D-84BEE626CA50}.Release|Any CPU.Build.0 = Release|Any CPU
	EndGlobalSection
	GlobalSection(SolutionProperties) = preSolution
		HideSolutionNode = FALSE
	EndGlobalSection
	GlobalSection(ExtensibilityGlobals) = postSolution
		SolutionGuid = {CF294CB4-5B0A-4EB4-BC86-4E5BECF418F1}
	EndGlobalSection
EndGlobal
